
Microsoft Visual Studio Solution File, Format Version 12.00
# Visual Studio Version 17
VisualStudioVersion = 17.14.36127.28 d17.14
MinimumVisualStudioVersion = 10.0.40219.1
Project("{FAE04EC0-301F-11D3-BF4B-00C04F79EFBC}") = "secrate", "secrate.csproj", "{A6DC28F3-27D8-435B-ABB6-AA6C6C12DFF2}"
EndProject
Global
	GlobalSection(SolutionConfigurationPlatforms) = preSolution
		Debug|Any CPU = Debug|Any CPU
		Release|Any CPU = Release|Any CPU
	EndGlobalSection
	GlobalSection(ProjectConfigurationPlatforms) = postSolution
		{A6DC28F3-27D8-435B-ABB6-AA6C6C12DFF2}.Debug|Any CPU.ActiveCfg = Debug|Any CPU
		{A6DC28F3-27D8-435B-ABB6-AA6C6C12DFF2}.Debug|Any CPU.Build.0 = Debug|Any CPU
		{A6DC28F3-27D8-435B-ABB6-AA6C6C12DFF2}.Release|Any CPU.ActiveCfg = Release|Any CPU
		{A6DC28F3-27D8-435B-ABB6-AA6C6C12DFF2}.Release|Any CPU.Build.0 = Release|Any CPU
	EndGlobalSection
	GlobalSection(SolutionProperties) = preSolution
		HideSolutionNode = FALSE
	EndGlobalSection
	GlobalSection(ExtensibilityGlobals) = postSolution
		SolutionGuid = {BAF2380A-DBCE-4C33-B2F3-A6C06CF704C9}
	EndGlobalSection
EndGlobal
